// !$*UTF8*$!
{
	archiveVersion = 1;
	classes = {
	};
	objectVersion = 56;
	objects = {

/* Begin PBXBuildFile section */
		5572E9852BD6AB8B000C1883 /* LocationManager.swift in Sources */ = {isa = PBXBuildFile; fileRef = 5572E9842BD6AB8B000C1883 /* LocationManager.swift */; };
		5572E9872BD6ABAC000C1883 /* IAPManager.swift in Sources */ = {isa = PBXBuildFile; fileRef = 5572E9862BD6ABAC000C1883 /* IAPManager.swift */; };
		5572E9892BD6ABBD000C1883 /* WeatherManager.swift in Sources */ = {isa = PBXBuildFile; fileRef = 5572E9882BD6ABBD000C1883 /* WeatherManager.swift */; };
		5572E98B2BD6ADF5000C1883 /* SettingsViewController.swift in Sources */ = {isa = PBXBuildFile; fileRef = 5572E98A2BD6ADF5000C1883 /* SettingsViewController.swift */; };
		5572E98D2BD6AE43000C1883 /* TabViewController.swift in Sources */ = {isa = PBXBuildFile; fileRef = 5572E98C2BD6AE43000C1883 /* TabViewController.swift */; };
		55B461FB2BD6A7A0006E7EF9 /* AppDelegate.swift in Sources */ = {isa = PBXBuildFile; fileRef = 55B461FA2BD6A7A0006E7EF9 /* AppDelegate.swift */; };
		55B461FD2BD6A7A0006E7EF9 /* SceneDelegate.swift in Sources */ = {isa = PBXBuildFile; fileRef = 55B461FC2BD6A7A0006E7EF9 /* SceneDelegate.swift */; };
		55B461FF2BD6A7A0006E7EF9 /* WeatherViewContoller.swift in Sources */ = {isa = PBXBuildFile; fileRef = 55B461FE2BD6A7A0006E7EF9 /* WeatherViewContoller.swift */; };
		55B462042BD6A7A2006E7EF9 /* Assets.xcassets in Resources */ = {isa = PBXBuildFile; fileRef = 55B462032BD6A7A2006E7EF9 /* Assets.xcassets */; };
		55B462072BD6A7A2006E7EF9 /* Base in Resources */ = {isa = PBXBuildFile; fileRef = 55B462062BD6A7A2006E7EF9 /* Base */; };
/* End PBXBuildFile section */

/* Begin PBXFileReference section */
		5572E9842BD6AB8B000C1883 /* LocationManager.swift */ = {isa = PBXFileReference; lastKnownFileType = sourcecode.swift; path = LocationManager.swift; sourceTree = "<group>"; };
		5572E9862BD6ABAC000C1883 /* IAPManager.swift */ = {isa = PBXFileReference; lastKnownFileType = sourcecode.swift; path = IAPManager.swift; sourceTree = "<group>"; };
		5572E9882BD6ABBD000C1883 /* WeatherManager.swift */ = {isa = PBXFileReference; lastKnownFileType = sourcecode.swift; path = WeatherManager.swift; sourceTree = "<group>"; };
		5572E98A2BD6ADF5000C1883 /* SettingsViewController.swift */ = {isa = PBXFileReference; lastKnownFileType = sourcecode.swift; path = SettingsViewController.swift; sourceTree = "<group>"; };
		5572E98C2BD6AE43000C1883 /* TabViewController.swift */ = {isa = PBXFileReference; lastKnownFileType = sourcecode.swift; path = TabViewController.swift; sourceTree = "<group>"; };
		55B461F72BD6A7A0006E7EF9 /* brightSky.app */ = {isa = PBXFileReference; explicitFileType = wrapper.application; includeInIndex = 0; path = brightSky.app; sourceTree = BUILT_PRODUCTS_DIR; };
		55B461FA2BD6A7A0006E7EF9 /* AppDelegate.swift */ = {isa = PBXFileReference; lastKnownFileType = sourcecode.swift; path = AppDelegate.swift; sourceTree = "<group>"; };
		55B461FC2BD6A7A0006E7EF9 /* SceneDelegate.swift */ = {isa = PBXFileReference; lastKnownFileType = sourcecode.swift; path = SceneDelegate.swift; sourceTree = "<group>"; };
		55B461FE2BD6A7A0006E7EF9 /* WeatherViewContoller.swift */ = {isa = PBXFileReference; lastKnownFileType = sourcecode.swift; path = WeatherViewContoller.swift; sourceTree = "<group>"; };
		55B462032BD6A7A2006E7EF9 /* Assets.xcassets */ = {isa = PBXFileReference; lastKnownFileType = folder.assetcatalog; path = Assets.xcassets; sourceTree = "<group>"; };
		55B462062BD6A7A2006E7EF9 /* Base */ = {isa = PBXFileReference; lastKnownFileType = file.storyboard; name = Base; path = Base.lproj/LaunchScreen.storyboard; sourceTree = "<group>"; };
		55B462082BD6A7A2006E7EF9 /* Info.plist */ = {isa = PBXFileReference; lastKnownFileType = text.plist.xml; path = Info.plist; sourceTree = "<group>"; };
		55B4620E2BD6A85B006E7EF9 /* brightSky.entitlements */ = {isa = PBXFileReference; lastKnownFileType = text.plist.entitlements; path = brightSky.entitlements; sourceTree = "<group>"; };
/* End PBXFileReference section */

/* Begin PBXFrameworksBuildPhase section */
		55B461F42BD6A7A0006E7EF9 /* Frameworks */ = {
			isa = PBXFrameworksBuildPhase;
			buildActionMask = 2147483647;
			files = (
			);
			runOnlyForDeploymentPostprocessing = 0;
		};
/* End PBXFrameworksBuildPhase section */

/* Begin PBXGroup section */
		5572E97E2BD6AB07000C1883 /* Views */ = {
			isa = PBXGroup;
			children = (
			);
			path = Views;
			sourceTree = "<group>";
		};
		5572E97F2BD6AB1A000C1883 /* ViewModels */ = {
			isa = PBXGroup;
			children = (
			);
			path = ViewModels;
			sourceTree = "<group>";
		};
		5572E9802BD6AB22000C1883 /* Models */ = {
			isa = PBXGroup;
			children = (
			);
			path = Models;
			sourceTree = "<group>";
		};
		5572E9812BD6AB2D000C1883 /* Controllers */ = {
			isa = PBXGroup;
			children = (
				55B461FE2BD6A7A0006E7EF9 /* WeatherViewContoller.swift */,
				5572E98A2BD6ADF5000C1883 /* SettingsViewController.swift */,
				5572E98C2BD6AE43000C1883 /* TabViewController.swift */,
			);
			path = Controllers;
			sourceTree = "<group>";
		};
		5572E9822BD6AB3D000C1883 /* Other */ = {
			isa = PBXGroup;
			children = (
				55B462032BD6A7A2006E7EF9 /* Assets.xcassets */,
				55B462052BD6A7A2006E7EF9 /* LaunchScreen.storyboard */,
				55B461FA2BD6A7A0006E7EF9 /* AppDelegate.swift */,
				55B461FC2BD6A7A0006E7EF9 /* SceneDelegate.swift */,
			);
			path = Other;
			sourceTree = "<group>";
		};
		5572E9832BD6AB66000C1883 /* Manager */ = {
			isa = PBXGroup;
			children = (
				5572E9842BD6AB8B000C1883 /* LocationManager.swift */,
				5572E9862BD6ABAC000C1883 /* IAPManager.swift */,
				5572E9882BD6ABBD000C1883 /* WeatherManager.swift */,
			);
			path = Manager;
			sourceTree = "<group>";
		};
		55B461EE2BD6A7A0006E7EF9 = {
			isa = PBXGroup;
			children = (
				55B461F92BD6A7A0006E7EF9 /* brightSky */,
				55B461F82BD6A7A0006E7EF9 /* Products */,
			);
			sourceTree = "<group>";
		};
		55B461F82BD6A7A0006E7EF9 /* Products */ = {
			isa = PBXGroup;
			children = (
				55B461F72BD6A7A0006E7EF9 /* brightSky.app */,
			);
			name = Products;
			sourceTree = "<group>";
		};
		55B461F92BD6A7A0006E7EF9 /* brightSky */ = {
			isa = PBXGroup;
			children = (
				5572E9832BD6AB66000C1883 /* Manager */,
				5572E9822BD6AB3D000C1883 /* Other */,
				5572E9812BD6AB2D000C1883 /* Controllers */,
				5572E9802BD6AB22000C1883 /* Models */,
				5572E97F2BD6AB1A000C1883 /* ViewModels */,
				5572E97E2BD6AB07000C1883 /* Views */,
				55B4620E2BD6A85B006E7EF9 /* brightSky.entitlements */,
				55B462082BD6A7A2006E7EF9 /* Info.plist */,
			);
			path = brightSky;
			sourceTree = "<group>";
		};
/* End PBXGroup section */

/* Begin PBXNativeTarget section */
		55B461F62BD6A7A0006E7EF9 /* brightSky */ = {
			isa = PBXNativeTarget;
			buildConfigurationList = 55B4620B2BD6A7A2006E7EF9 /* Build configuration list for PBXNativeTarget "brightSky" */;
			buildPhases = (
				55B461F32BD6A7A0006E7EF9 /* Sources */,
				55B461F42BD6A7A0006E7EF9 /* Frameworks */,
				55B461F52BD6A7A0006E7EF9 /* Resources */,
			);
			buildRules = (
			);
			dependencies = (
			);
			name = brightSky;
			productName = brightSky;
			productReference = 55B461F72BD6A7A0006E7EF9 /* brightSky.app */;
			productType = "com.apple.product-type.application";
		};
/* End PBXNativeTarget section */

/* Begin PBXProject section */
		55B461EF2BD6A7A0006E7EF9 /* Project object */ = {
			isa = PBXProject;
			attributes = {
				BuildIndependentTargetsInParallel = 1;
				LastSwiftUpdateCheck = 1530;
				LastUpgradeCheck = 1530;
				TargetAttributes = {
					55B461F62BD6A7A0006E7EF9 = {
						CreatedOnToolsVersion = 15.3;
					};
				};
			};
			buildConfigurationList = 55B461F22BD6A7A0006E7EF9 /* Build configuration list for PBXProject "brightSky" */;
			compatibilityVersion = "Xcode 14.0";
			developmentRegion = en;
			hasScannedForEncodings = 0;
			knownRegions = (
				en,
				Base,
			);
			mainGroup = 55B461EE2BD6A7A0006E7EF9;
			productRefGroup = 55B461F82BD6A7A0006E7EF9 /* Products */;
			projectDirPath = "";
			projectRoot = "";
			targets = (
				55B461F62BD6A7A0006E7EF9 /* brightSky */,
			);
		};
/* End PBXProject section */

/* Begin PBXResourcesBuildPhase section */
		55B461F52BD6A7A0006E7EF9 /* Resources */ = {
			isa = PBXResourcesBuildPhase;
			buildActionMask = 2147483647;
			files = (
				55B462042BD6A7A2006E7EF9 /* Assets.xcassets in Resources */,
				55B462072BD6A7A2006E7EF9 /* Base in Resources */,
			);
			runOnlyForDeploymentPostprocessing = 0;
		};
/* End PBXResourcesBuildPhase section */

/* Begin PBXSourcesBuildPhase section */
		55B461F32BD6A7A0006E7EF9 /* Sources */ = {
			isa = PBXSourcesBuildPhase;
			buildActionMask = 2147483647;
			files = (
				5572E98D2BD6AE43000C1883 /* TabViewController.swift in Sources */,
				5572E9892BD6ABBD000C1883 /* WeatherManager.swift in Sources */,
				55B461FF2BD6A7A0006E7EF9 /* WeatherViewContoller.swift in Sources */,
				5572E98B2BD6ADF5000C1883 /* SettingsViewController.swift in Sources */,
				5572E9872BD6ABAC000C1883 /* IAPManager.swift in Sources */,
				5572E9852BD6AB8B000C1883 /* LocationManager.swift in Sources */,
				55B461FB2BD6A7A0006E7EF9 /* AppDelegate.swift in Sources */,
				55B461FD2BD6A7A0006E7EF9 /* SceneDelegate.swift in Sources */,
			);
			runOnlyForDeploymentPostprocessing = 0;
		};
/* End PBXSourcesBuildPhase section */

/* Begin PBXVariantGroup section */
		55B462052BD6A7A2006E7EF9 /* LaunchScreen.storyboard */ = {
			isa = PBXVariantGroup;
			children = (
				55B462062BD6A7A2006E7EF9 /* Base */,
			);
			name = LaunchScreen.storyboard;
			sourceTree = "<group>";
		};
/* End PBXVariantGroup section */

/* Begin XCBuildConfiguration section */
		55B462092BD6A7A2006E7EF9 /* Debug */ = {
			isa = XCBuildConfiguration;
			buildSettings = {
				ALWAYS_SEARCH_USER_PATHS = NO;
				ASSETCATALOG_COMPILER_GENERATE_SWIFT_ASSET_SYMBOL_EXTENSIONS = YES;
				CLANG_ANALYZER_NONNULL = YES;
				CLANG_ANALYZER_NUMBER_OBJECT_CONVERSION = YES_AGGRESSIVE;
				CLANG_CXX_LANGUAGE_STANDARD = "gnu++20";
				CLANG_ENABLE_MODULES = YES;
				CLANG_ENABLE_OBJC_ARC = YES;
				CLANG_ENABLE_OBJC_WEAK = YES;
				CLANG_WARN_BLOCK_CAPTURE_AUTORELEASING = YES;
				CLANG_WARN_BOOL_CONVERSION = YES;
				CLANG_WARN_COMMA = YES;
				CLANG_WARN_CONSTANT_CONVERSION = YES;
				CLANG_WARN_DEPRECATED_OBJC_IMPLEMENTATIONS = YES;
				CLANG_WARN_DIRECT_OBJC_ISA_USAGE = YES_ERROR;
				CLANG_WARN_DOCUMENTATION_COMMENTS = YES;
				CLANG_WARN_EMPTY_BODY = YES;
				CLANG_WARN_ENUM_CONVERSION = YES;
				CLANG_WARN_INFINITE_RECURSION = YES;
				CLANG_WARN_INT_CONVERSION = YES;
				CLANG_WARN_NON_LITERAL_NULL_CONVERSION = YES;
				CLANG_WARN_OBJC_IMPLICIT_RETAIN_SELF = YES;
				CLANG_WARN_OBJC_LITERAL_CONVERSION = YES;
				CLANG_WARN_OBJC_ROOT_CLASS = YES_ERROR;
				CLANG_WARN_QUOTED_INCLUDE_IN_FRAMEWORK_HEADER = YES;
				CLANG_WARN_RANGE_LOOP_ANALYSIS = YES;
				CLANG_WARN_STRICT_PROTOTYPES = YES;
				CLANG_WARN_SUSPICIOUS_MOVE = YES;
				CLANG_WARN_UNGUARDED_AVAILABILITY = YES_AGGRESSIVE;
				CLANG_WARN_UNREACHABLE_CODE = YES;
				CLANG_WARN__DUPLICATE_METHOD_MATCH = YES;
				COPY_PHASE_STRIP = NO;
				DEBUG_INFORMATION_FORMAT = dwarf;
				ENABLE_STRICT_OBJC_MSGSEND = YES;
				ENABLE_TESTABILITY = YES;
				ENABLE_USER_SCRIPT_SANDBOXING = YES;
				GCC_C_LANGUAGE_STANDARD = gnu17;
				GCC_DYNAMIC_NO_PIC = NO;
				GCC_NO_COMMON_BLOCKS = YES;
				GCC_OPTIMIZATION_LEVEL = 0;
				GCC_PREPROCESSOR_DEFINITIONS = (
					"DEBUG=1",
					"$(inherited)",
				);
				GCC_WARN_64_TO_32_BIT_CONVERSION = YES;
				GCC_WARN_ABOUT_RETURN_TYPE = YES_ERROR;
				GCC_WARN_UNDECLARED_SELECTOR = YES;
				GCC_WARN_UNINITIALIZED_AUTOS = YES_AGGRESSIVE;
				GCC_WARN_UNUSED_FUNCTION = YES;
				GCC_WARN_UNUSED_VARIABLE = YES;
				IPHONEOS_DEPLOYMENT_TARGET = 17.4;
				LOCALIZATION_PREFERS_STRING_CATALOGS = YES;
				MTL_ENABLE_DEBUG_INFO = INCLUDE_SOURCE;
				MTL_FAST_MATH = YES;
				ONLY_ACTIVE_ARCH = YES;
				SDKROOT = iphoneos;
				SWIFT_ACTIVE_COMPILATION_CONDITIONS = "DEBUG $(inherited)";
				SWIFT_OPTIMIZATION_LEVEL = "-Onone";
			};
			name = Debug;
		};
		55B4620A2BD6A7A2006E7EF9 /* Release */ = {
			isa = XCBuildConfiguration;
			buildSettings = {
				ALWAYS_SEARCH_USER_PATHS = NO;
				ASSETCATALOG_COMPILER_GENERATE_SWIFT_ASSET_SYMBOL_EXTENSIONS = YES;
				CLANG_ANALYZER_NONNULL = YES;
				CLANG_ANALYZER_NUMBER_OBJECT_CONVERSION = YES_AGGRESSIVE;
				CLANG_CXX_LANGUAGE_STANDARD = "gnu++20";
				CLANG_ENABLE_MODULES = YES;
				CLANG_ENABLE_OBJC_ARC = YES;
				CLANG_ENABLE_OBJC_WEAK = YES;
				CLANG_WARN_BLOCK_CAPTURE_AUTORELEASING = YES;
				CLANG_WARN_BOOL_CONVERSION = YES;
				CLANG_WARN_COMMA = YES;
				CLANG_WARN_CONSTANT_CONVERSION = YES;
				CLANG_WARN_DEPRECATED_OBJC_IMPLEMENTATIONS = YES;
				CLANG_WARN_DIRECT_OBJC_ISA_USAGE = YES_ERROR;
				CLANG_WARN_DOCUMENTATION_COMMENTS = YES;
				CLANG_WARN_EMPTY_BODY = YES;
				CLANG_WARN_ENUM_CONVERSION = YES;
				CLANG_WARN_INFINITE_RECURSION = YES;
				CLANG_WARN_INT_CONVERSION = YES;
				CLANG_WARN_NON_LITERAL_NULL_CONVERSION = YES;
				CLANG_WARN_OBJC_IMPLICIT_RETAIN_SELF = YES;
				CLANG_WARN_OBJC_LITERAL_CONVERSION = YES;
				CLANG_WARN_OBJC_ROOT_CLASS = YES_ERROR;
				CLANG_WARN_QUOTED_INCLUDE_IN_FRAMEWORK_HEADER = YES;
				CLANG_WARN_RANGE_LOOP_ANALYSIS = YES;
				CLANG_WARN_STRICT_PROTOTYPES = YES;
				CLANG_WARN_SUSPICIOUS_MOVE = YES;
				CLANG_WARN_UNGUARDED_AVAILABILITY = YES_AGGRESSIVE;
				CLANG_WARN_UNREACHABLE_CODE = YES;
				CLANG_WARN__DUPLICATE_METHOD_MATCH = YES;
				COPY_PHASE_STRIP = NO;
				DEBUG_INFORMATION_FORMAT = "dwarf-with-dsym";
				ENABLE_NS_ASSERTIONS = NO;
				ENABLE_STRICT_OBJC_MSGSEND = YES;
				ENABLE_USER_SCRIPT_SANDBOXING = YES;
				GCC_C_LANGUAGE_STANDARD = gnu17;
				GCC_NO_COMMON_BLOCKS = YES;
				GCC_WARN_64_TO_32_BIT_CONVERSION = YES;
				GCC_WARN_ABOUT_RETURN_TYPE = YES_ERROR;
				GCC_WARN_UNDECLARED_SELECTOR = YES;
				GCC_WARN_UNINITIALIZED_AUTOS = YES_AGGRESSIVE;
				GCC_WARN_UNUSED_FUNCTION = YES;
				GCC_WARN_UNUSED_VARIABLE = YES;
				IPHONEOS_DEPLOYMENT_TARGET = 17.4;
				LOCALIZATION_PREFERS_STRING_CATALOGS = YES;
				MTL_ENABLE_DEBUG_INFO = NO;
				MTL_FAST_MATH = YES;
				SDKROOT = iphoneos;
				SWIFT_COMPILATION_MODE = wholemodule;
				VALIDATE_PRODUCT = YES;
			};
			name = Release;
		};
		55B4620C2BD6A7A2006E7EF9 /* Debug */ = {
			isa = XCBuildConfiguration;
			buildSettings = {
				ASSETCATALOG_COMPILER_APPICON_NAME = AppIcon;
				ASSETCATALOG_COMPILER_GLOBAL_ACCENT_COLOR_NAME = AccentColor;
				CODE_SIGN_ENTITLEMENTS = brightSky/brightSky.entitlements;
				CODE_SIGN_STYLE = Automatic;
				CURRENT_PROJECT_VERSION = 1;
				DEVELOPMENT_TEAM = 76DJ7VJN6W;
				GENERATE_INFOPLIST_FILE = YES;
				INFOPLIST_FILE = brightSky/Info.plist;
				INFOPLIST_KEY_UIApplicationSupportsIndirectInputEvents = YES;
				INFOPLIST_KEY_UILaunchStoryboardName = LaunchScreen;
				INFOPLIST_KEY_UISupportedInterfaceOrientations_iPad = "UIInterfaceOrientationPortrait UIInterfaceOrientationPortraitUpsideDown UIInterfaceOrientationLandscapeLeft UIInterfaceOrientationLandscapeRight";
				INFOPLIST_KEY_UISupportedInterfaceOrientations_iPhone = "UIInterfaceOrientationPortrait UIInterfaceOrientationLandscapeLeft UIInterfaceOrientationLandscapeRight";
				LD_RUNPATH_SEARCH_PATHS = (
					"$(inherited)",
					"@executable_path/Frameworks",
				);
				MARKETING_VERSION = 1.0;
				PRODUCT_BUNDLE_IDENTIFIER = com.tellesiivan.brightSky;
				PRODUCT_NAME = "$(TARGET_NAME)";
				SWIFT_EMIT_LOC_STRINGS = YES;
				SWIFT_VERSION = 5.0;
				TARGETED_DEVICE_FAMILY = "1,2";
			};
			name = Debug;
		};
		55B4620D2BD6A7A2006E7EF9 /* Release */ = {
			isa = XCBuildConfiguration;
			buildSettings = {
				ASSETCATALOG_COMPILER_APPICON_NAME = AppIcon;
				ASSETCATALOG_COMPILER_GLOBAL_ACCENT_COLOR_NAME = AccentColor;
				CODE_SIGN_ENTITLEMENTS = brightSky/brightSky.entitlements;
				CODE_SIGN_STYLE = Automatic;
				CURRENT_PROJECT_VERSION = 1;
				DEVELOPMENT_TEAM = 76DJ7VJN6W;
				GENERATE_INFOPLIST_FILE = YES;
				INFOPLIST_FILE = brightSky/Info.plist;
				INFOPLIST_KEY_UIApplicationSupportsIndirectInputEvents = YES;
				INFOPLIST_KEY_UILaunchStoryboardName = LaunchScreen;
				INFOPLIST_KEY_UISupportedInterfaceOrientations_iPad = "UIInterfaceOrientationPortrait UIInterfaceOrientationPortraitUpsideDown UIInterfaceOrientationLandscapeLeft UIInterfaceOrientationLandscapeRight";
				INFOPLIST_KEY_UISupportedInterfaceOrientations_iPhone = "UIInterfaceOrientationPortrait UIInterfaceOrientationLandscapeLeft UIInterfaceOrientationLandscapeRight";
				LD_RUNPATH_SEARCH_PATHS = (
					"$(inherited)",
					"@executable_path/Frameworks",
				);
				MARKETING_VERSION = 1.0;
				PRODUCT_BUNDLE_IDENTIFIER = com.tellesiivan.brightSky;
				PRODUCT_NAME = "$(TARGET_NAME)";
				SWIFT_EMIT_LOC_STRINGS = YES;
				SWIFT_VERSION = 5.0;
				TARGETED_DEVICE_FAMILY = "1,2";
			};
			name = Release;
		};
/* End XCBuildConfiguration section */

/* Begin XCConfigurationList section */
		55B461F22BD6A7A0006E7EF9 /* Build configuration list for PBXProject "brightSky" */ = {
			isa = XCConfigurationList;
			buildConfigurations = (
				55B462092BD6A7A2006E7EF9 /* Debug */,
				55B4620A2BD6A7A2006E7EF9 /* Release */,
			);
			defaultConfigurationIsVisible = 0;
			defaultConfigurationName = Release;
		};
		55B4620B2BD6A7A2006E7EF9 /* Build configuration list for PBXNativeTarget "brightSky" */ = {
			isa = XCConfigurationList;
			buildConfigurations = (
				55B4620C2BD6A7A2006E7EF9 /* Debug */,
				55B4620D2BD6A7A2006E7EF9 /* Release */,
			);
			defaultConfigurationIsVisible = 0;
			defaultConfigurationName = Release;
		};
/* End XCConfigurationList section */
	};
	rootObject = 55B461EF2BD6A7A0006E7EF9 /* Project object */;
}
